
Microsoft Visual Studio Solution File, Format Version 10.00
# Visual Studio 2008
Project("{8BC9CEB8-8B4A-11D0-8D11-00A0C91BC942}") = "CustomLog", "basic\customlog\CustomLog.vcproj", "{3C58D5B5-9778-4121-934C-00E3C4F1FA89}"
	ProjectSection(ProjectDependencies) = postProject
		{AF4FF882-AFD9-457B-979E-A5B482388D46} = {AF4FF882-AFD9-457B-979E-A5B482388D46}
	EndProjectSection
EndProject
Project("{8BC9CEB8-8B4A-11D0-8D11-00A0C91BC942}") = "Shell", "shell\Shell.vcproj", "{AF4FF882-AFD9-457B-979E-A5B482388D46}"
EndProject
Project("{2150E333-8FDC-42A3-9474-1A3956D46DE8}") = "basic", "basic", "{082F0B8F-B379-4301-B97C-3218856BC0CE}"
EndProject
Project("{2150E333-8FDC-42A3-9474-1A3956D46DE8}") = "invaders", "invaders", "{AF7EB396-4291-493D-87F3-A0A4C73F81AF}"
EndProject
Project("{2150E333-8FDC-42A3-9474-1A3956D46DE8}") = "tutorial", "tutorial", "{C96ED011-41AA-440F-AA80-00D4EF3184A7}"
EndProject
Project("{8BC9CEB8-8B4A-11D0-8D11-00A0C91BC942}") = "DirectX", "basic\directx\DirectX.vcproj", "{3C58D3B5-9478-4221-954A-01E3C4F1FA89}"
	ProjectSection(ProjectDependencies) = postProject
		{AF4FF882-AFD9-457B-979E-A5B482388D46} = {AF4FF882-AFD9-457B-979E-A5B482388D46}
	EndProjectSection
EndProject
Project("{8BC9CEB8-8B4A-11D0-8D11-00A0C91BC942}") = "Drag", "basic\drag\Drag.vcproj", "{3C58D3B5-9478-4221-954A-01E3C4F1FA80}"
	ProjectSection(ProjectDependencies) = postProject
		{AF4FF882-AFD9-457B-979E-A5B482388D46} = {AF4FF882-AFD9-457B-979E-A5B482388D46}
	EndProjectSection
EndProject
Project("{8BC9CEB8-8B4A-11D0-8D11-00A0C91BC942}") = "LoadDocument", "basic\loaddocument\LoadDocument.vcproj", "{71FD7D98-FB98-4395-B1BC-D6CEC15ECB66}"
	ProjectSection(ProjectDependencies) = postProject
		{AF4FF882-AFD9-457B-979E-A5B482388D46} = {AF4FF882-AFD9-457B-979E-A5B482388D46}
	EndProjectSection
EndProject
Project("{8BC9CEB8-8B4A-11D0-8D11-00A0C91BC942}") = "ogre3d", "basic\ogre3d\Ogre3D.vcproj", "{76FFE160-2A07-4603-8A20-A266E08CF6B5}"
EndProject
Project("{8BC9CEB8-8B4A-11D0-8D11-00A0C91BC942}") = "TreeView", "basic\treeview\TreeView.vcproj", "{CE66A3D8-1231-4F9D-8DED-0C6A95A020A7}"
	ProjectSection(ProjectDependencies) = postProject
		{AF4FF882-AFD9-457B-979E-A5B482388D46} = {AF4FF882-AFD9-457B-979E-A5B482388D46}
	EndProjectSection
EndProject
Project("{8BC9CEB8-8B4A-11D0-8D11-00A0C91BC942}") = "RocketInvaders", "invaders\RocketInvaders.vcproj", "{BB815171-A9C3-434B-862C-A98E6715B160}"
	ProjectSection(ProjectDependencies) = postProject
		{AF4FF882-AFD9-457B-979E-A5B482388D46} = {AF4FF882-AFD9-457B-979E-A5B482388D46}
	EndProjectSection
EndProject
Project("{8BC9CEB8-8B4A-11D0-8D11-00A0C91BC942}") = "PyRocketInvaders", "pyinvaders\PyRocketInvaders.vcproj", "{D343E357-BF62-424F-B22A-16D7B8A6422B}"
	ProjectSection(ProjectDependencies) = postProject
		{AF4FF882-AFD9-457B-979E-A5B482388D46} = {AF4FF882-AFD9-457B-979E-A5B482388D46}
	EndProjectSection
EndProject
Project("{8BC9CEB8-8B4A-11D0-8D11-00A0C91BC942}") = "Datagrid", "tutorial\datagrid\Datagrid.vcproj", "{E7D5E0D7-9853-4589-A888-70FBDAE60F7B}"
	ProjectSection(ProjectDependencies) = postProject
		{AF4FF882-AFD9-457B-979E-A5B482388D46} = {AF4FF882-AFD9-457B-979E-A5B482388D46}
	EndProjectSection
EndProject
Project("{8BC9CEB8-8B4A-11D0-8D11-00A0C91BC942}") = "DatagridTree", "tutorial\datagrid_tree\DatagridTree.vcproj", "{32F02C35-E99B-46F5-8AD9-DC48786F748E}"
	ProjectSection(ProjectDependencies) = postProject
		{AF4FF882-AFD9-457B-979E-A5B482388D46} = {AF4FF882-AFD9-457B-979E-A5B482388D46}
	EndProjectSection
EndProject
Project("{8BC9CEB8-8B4A-11D0-8D11-00A0C91BC942}") = "Template", "tutorial\template\Template.vcproj", "{F59AD76B-4BEE-4B03-89BF-4B26F64E2D6B}"
	ProjectSection(ProjectDependencies) = postProject
		{AF4FF882-AFD9-457B-979E-A5B482388D46} = {AF4FF882-AFD9-457B-979E-A5B482388D46}
	EndProjectSection
EndProject
Project("{8BC9CEB8-8B4A-11D0-8D11-00A0C91BC942}") = "Drag", "tutorial\tutorial_drag\Drag.vcproj", "{B6D35247-4428-4A6B-B964-20B926C00E65}"
	ProjectSection(ProjectDependencies) = postProject
		{AF4FF882-AFD9-457B-979E-A5B482388D46} = {AF4FF882-AFD9-457B-979E-A5B482388D46}
	EndProjectSection
EndProject
Project("{8BC9CEB8-8B4A-11D0-8D11-00A0C91BC942}") = "SFML2", "basic\sfml2\SFML2.vcproj", "{6A08A6A5-3848-4E4F-BCE8-6351E221164C}"
	ProjectSection(ProjectDependencies) = postProject
		{AF4FF882-AFD9-457B-979E-A5B482388D46} = {AF4FF882-AFD9-457B-979E-A5B482388D46}
	EndProjectSection
EndProject
Project("{8BC9CEB8-8B4A-11D0-8D11-00A0C91BC942}") = "SFML", "basic\sfml\SFML.vcproj", "{982F510F-5A8B-4DE0-A59C-1153B35E8AA1}"
	ProjectSection(ProjectDependencies) = postProject
		{AF4FF882-AFD9-457B-979E-A5B482388D46} = {AF4FF882-AFD9-457B-979E-A5B482388D46}
	EndProjectSection
EndProject
Project("{8BC9CEB8-8B4A-11D0-8D11-00A0C91BC942}") = "RocketCore", "..\Build\RocketCore.vcproj", "{1AAC0B29-AEB9-4E3F-8EDF-B46F8949C41B}"
EndProject
Project("{8BC9CEB8-8B4A-11D0-8D11-00A0C91BC942}") = "RocketControls", "..\Build\RocketControls.vcproj", "{1AAC0B29-AEC9-4E3F-9EDF-B56F8949C41B}"
EndProject
Project("{8BC9CEB8-8B4A-11D0-8D11-00A0C91BC942}") = "RocketDebugger", "..\Build\RocketDebugger.vcproj", "{1AAC0B29-AEC9-4E3F-9EDF-B56F8949C41A}"
EndProject
Project("{8BC9CEB8-8B4A-11D0-8D11-00A0C91BC942}") = "RocketControlsPython", "..\Build\RocketControlsPython.vcproj", "{206AC8CC-432B-4B7C-C497-2CF315AEE1C1}"
EndProject
Project("{8BC9CEB8-8B4A-11D0-8D11-00A0C91BC942}") = "RocketCorePython", "..\Build\RocketCorePython.vcproj", "{286AC8CC-432A-4B7C-C497-2CF315AEE1FE}"
EndProject
Global
	GlobalSection(SolutionConfigurationPlatforms) = preSolution
		Debug|Win32 = Debug|Win32
		Release|Win32 = Release|Win32
	EndGlobalSection
	GlobalSection(ProjectConfigurationPlatforms) = postSolution
		{3C58D5B5-9778-4121-934C-00E3C4F1FA89}.Debug|Win32.ActiveCfg = Debug|Win32
		{3C58D5B5-9778-4121-934C-00E3C4F1FA89}.Debug|Win32.Build.0 = Debug|Win32
		{3C58D5B5-9778-4121-934C-00E3C4F1FA89}.Release|Win32.ActiveCfg = Release|Win32
		{3C58D5B5-9778-4121-934C-00E3C4F1FA89}.Release|Win32.Build.0 = Release|Win32
		{AF4FF882-AFD9-457B-979E-A5B482388D46}.Debug|Win32.ActiveCfg = Debug|Win32
		{AF4FF882-AFD9-457B-979E-A5B482388D46}.Debug|Win32.Build.0 = Debug|Win32
		{AF4FF882-AFD9-457B-979E-A5B482388D46}.Release|Win32.ActiveCfg = Release|Win32
		{AF4FF882-AFD9-457B-979E-A5B482388D46}.Release|Win32.Build.0 = Release|Win32
		{3C58D3B5-9478-4221-954A-01E3C4F1FA89}.Debug|Win32.ActiveCfg = Debug|Win32
		{3C58D3B5-9478-4221-954A-01E3C4F1FA89}.Debug|Win32.Build.0 = Debug|Win32
		{3C58D3B5-9478-4221-954A-01E3C4F1FA89}.Release|Win32.ActiveCfg = Release|Win32
		{3C58D3B5-9478-4221-954A-01E3C4F1FA89}.Release|Win32.Build.0 = Release|Win32
		{3C58D3B5-9478-4221-954A-01E3C4F1FA80}.Debug|Win32.ActiveCfg = Debug|Win32
		{3C58D3B5-9478-4221-954A-01E3C4F1FA80}.Debug|Win32.Build.0 = Debug|Win32
		{3C58D3B5-9478-4221-954A-01E3C4F1FA80}.Release|Win32.ActiveCfg = Release|Win32
		{3C58D3B5-9478-4221-954A-01E3C4F1FA80}.Release|Win32.Build.0 = Release|Win32
		{71FD7D98-FB98-4395-B1BC-D6CEC15ECB66}.Debug|Win32.ActiveCfg = Debug|Win32
		{71FD7D98-FB98-4395-B1BC-D6CEC15ECB66}.Debug|Win32.Build.0 = Debug|Win32
		{71FD7D98-FB98-4395-B1BC-D6CEC15ECB66}.Release|Win32.ActiveCfg = Release|Win32
		{71FD7D98-FB98-4395-B1BC-D6CEC15ECB66}.Release|Win32.Build.0 = Release|Win32
		{76FFE160-2A07-4603-8A20-A266E08CF6B5}.Debug|Win32.ActiveCfg = Debug|Win32
		{76FFE160-2A07-4603-8A20-A266E08CF6B5}.Debug|Win32.Build.0 = Debug|Win32
		{76FFE160-2A07-4603-8A20-A266E08CF6B5}.Release|Win32.ActiveCfg = Release|Win32
		{76FFE160-2A07-4603-8A20-A266E08CF6B5}.Release|Win32.Build.0 = Release|Win32
		{CE66A3D8-1231-4F9D-8DED-0C6A95A020A7}.Debug|Win32.ActiveCfg = Debug|Win32
		{CE66A3D8-1231-4F9D-8DED-0C6A95A020A7}.Debug|Win32.Build.0 = Debug|Win32
		{CE66A3D8-1231-4F9D-8DED-0C6A95A020A7}.Release|Win32.ActiveCfg = Release|Win32
		{CE66A3D8-1231-4F9D-8DED-0C6A95A020A7}.Release|Win32.Build.0 = Release|Win32
		{BB815171-A9C3-434B-862C-A98E6715B160}.Debug|Win32.ActiveCfg = Debug|Win32
		{BB815171-A9C3-434B-862C-A98E6715B160}.Debug|Win32.Build.0 = Debug|Win32
		{BB815171-A9C3-434B-862C-A98E6715B160}.Release|Win32.ActiveCfg = Release|Win32
		{BB815171-A9C3-434B-862C-A98E6715B160}.Release|Win32.Build.0 = Release|Win32
		{D343E357-BF62-424F-B22A-16D7B8A6422B}.Debug|Win32.ActiveCfg = Debug|Win32
		{D343E357-BF62-424F-B22A-16D7B8A6422B}.Debug|Win32.Build.0 = Debug|Win32
		{D343E357-BF62-424F-B22A-16D7B8A6422B}.Release|Win32.ActiveCfg = Release|Win32
		{D343E357-BF62-424F-B22A-16D7B8A6422B}.Release|Win32.Build.0 = Release|Win32
		{E7D5E0D7-9853-4589-A888-70FBDAE60F7B}.Debug|Win32.ActiveCfg = Debug|Win32
		{E7D5E0D7-9853-4589-A888-70FBDAE60F7B}.Debug|Win32.Build.0 = Debug|Win32
		{E7D5E0D7-9853-4589-A888-70FBDAE60F7B}.Release|Win32.ActiveCfg = Release|Win32
		{E7D5E0D7-9853-4589-A888-70FBDAE60F7B}.Release|Win32.Build.0 = Release|Win32
		{32F02C35-E99B-46F5-8AD9-DC48786F748E}.Debug|Win32.ActiveCfg = Debug|Win32
		{32F02C35-E99B-46F5-8AD9-DC48786F748E}.Debug|Win32.Build.0 = Debug|Win32
		{32F02C35-E99B-46F5-8AD9-DC48786F748E}.Release|Win32.ActiveCfg = Release|Win32
		{32F02C35-E99B-46F5-8AD9-DC48786F748E}.Release|Win32.Build.0 = Release|Win32
		{F59AD76B-4BEE-4B03-89BF-4B26F64E2D6B}.Debug|Win32.ActiveCfg = Debug|Win32
		{F59AD76B-4BEE-4B03-89BF-4B26F64E2D6B}.Debug|Win32.Build.0 = Debug|Win32
		{F59AD76B-4BEE-4B03-89BF-4B26F64E2D6B}.Release|Win32.ActiveCfg = Release|Win32
		{F59AD76B-4BEE-4B03-89BF-4B26F64E2D6B}.Release|Win32.Build.0 = Release|Win32
		{B6D35247-4428-4A6B-B964-20B926C00E65}.Debug|Win32.ActiveCfg = Debug|Win32
		{B6D35247-4428-4A6B-B964-20B926C00E65}.Debug|Win32.Build.0 = Debug|Win32
		{B6D35247-4428-4A6B-B964-20B926C00E65}.Release|Win32.ActiveCfg = Release|Win32
		{B6D35247-4428-4A6B-B964-20B926C00E65}.Release|Win32.Build.0 = Release|Win32
		{6A08A6A5-3848-4E4F-BCE8-6351E221164C}.Debug|Win32.ActiveCfg = Debug|Win32
		{6A08A6A5-3848-4E4F-BCE8-6351E221164C}.Debug|Win32.Build.0 = Debug|Win32
		{6A08A6A5-3848-4E4F-BCE8-6351E221164C}.Release|Win32.ActiveCfg = Release|Win32
		{6A08A6A5-3848-4E4F-BCE8-6351E221164C}.Release|Win32.Build.0 = Release|Win32
		{982F510F-5A8B-4DE0-A59C-1153B35E8AA1}.Debug|Win32.ActiveCfg = Debug|Win32
		{982F510F-5A8B-4DE0-A59C-1153B35E8AA1}.Debug|Win32.Build.0 = Debug|Win32
		{982F510F-5A8B-4DE0-A59C-1153B35E8AA1}.Release|Win32.ActiveCfg = Release|Win32
		{982F510F-5A8B-4DE0-A59C-1153B35E8AA1}.Release|Win32.Build.0 = Release|Win32
		{1AAC0B29-AEB9-4E3F-8EDF-B46F8949C41B}.Debug|Win32.ActiveCfg = Debug|Win32
		{1AAC0B29-AEB9-4E3F-8EDF-B46F8949C41B}.Debug|Win32.Build.0 = Debug|Win32
		{1AAC0B29-AEB9-4E3F-8EDF-B46F8949C41B}.Release|Win32.ActiveCfg = Release|Win32
		{1AAC0B29-AEB9-4E3F-8EDF-B46F8949C41B}.Release|Win32.Build.0 = Release|Win32
		{1AAC0B29-AEC9-4E3F-9EDF-B56F8949C41B}.Debug|Win32.ActiveCfg = Debug|Win32
		{1AAC0B29-AEC9-4E3F-9EDF-B56F8949C41B}.Debug|Win32.Build.0 = Debug|Win32
		{1AAC0B29-AEC9-4E3F-9EDF-B56F8949C41B}.Release|Win32.ActiveCfg = Release|Win32
		{1AAC0B29-AEC9-4E3F-9EDF-B56F8949C41B}.Release|Win32.Build.0 = Release|Win32
		{1AAC0B29-AEC9-4E3F-9EDF-B56F8949C41A}.Debug|Win32.ActiveCfg = Debug|Win32
		{1AAC0B29-AEC9-4E3F-9EDF-B56F8949C41A}.Debug|Win32.Build.0 = Debug|Win32
		{1AAC0B29-AEC9-4E3F-9EDF-B56F8949C41A}.Release|Win32.ActiveCfg = Release|Win32
		{1AAC0B29-AEC9-4E3F-9EDF-B56F8949C41A}.Release|Win32.Build.0 = Release|Win32
		{206AC8CC-432B-4B7C-C497-2CF315AEE1C1}.Debug|Win32.ActiveCfg = Debug|Win32
		{206AC8CC-432B-4B7C-C497-2CF315AEE1C1}.Debug|Win32.Build.0 = Debug|Win32
		{206AC8CC-432B-4B7C-C497-2CF315AEE1C1}.Release|Win32.ActiveCfg = Release|Win32
		{206AC8CC-432B-4B7C-C497-2CF315AEE1C1}.Release|Win32.Build.0 = Release|Win32
		{286AC8CC-432A-4B7C-C497-2CF315AEE1FE}.Debug|Win32.ActiveCfg = Debug|Win32
		{286AC8CC-432A-4B7C-C497-2CF315AEE1FE}.Debug|Win32.Build.0 = Debug|Win32
		{286AC8CC-432A-4B7C-C497-2CF315AEE1FE}.Release|Win32.ActiveCfg = Release|Win32
		{286AC8CC-432A-4B7C-C497-2CF315AEE1FE}.Release|Win32.Build.0 = Release|Win32
	EndGlobalSection
	GlobalSection(SolutionProperties) = preSolution
		HideSolutionNode = FALSE
	EndGlobalSection
	GlobalSection(NestedProjects) = preSolution
		{3C58D5B5-9778-4121-934C-00E3C4F1FA89} = {082F0B8F-B379-4301-B97C-3218856BC0CE}
		{3C58D3B5-9478-4221-954A-01E3C4F1FA89} = {082F0B8F-B379-4301-B97C-3218856BC0CE}
		{3C58D3B5-9478-4221-954A-01E3C4F1FA80} = {082F0B8F-B379-4301-B97C-3218856BC0CE}
		{71FD7D98-FB98-4395-B1BC-D6CEC15ECB66} = {082F0B8F-B379-4301-B97C-3218856BC0CE}
		{76FFE160-2A07-4603-8A20-A266E08CF6B5} = {082F0B8F-B379-4301-B97C-3218856BC0CE}
		{CE66A3D8-1231-4F9D-8DED-0C6A95A020A7} = {082F0B8F-B379-4301-B97C-3218856BC0CE}
		{6A08A6A5-3848-4E4F-BCE8-6351E221164C} = {082F0B8F-B379-4301-B97C-3218856BC0CE}
		{982F510F-5A8B-4DE0-A59C-1153B35E8AA1} = {082F0B8F-B379-4301-B97C-3218856BC0CE}
		{BB815171-A9C3-434B-862C-A98E6715B160} = {AF7EB396-4291-493D-87F3-A0A4C73F81AF}
		{D343E357-BF62-424F-B22A-16D7B8A6422B} = {AF7EB396-4291-493D-87F3-A0A4C73F81AF}
		{E7D5E0D7-9853-4589-A888-70FBDAE60F7B} = {C96ED011-41AA-440F-AA80-00D4EF3184A7}
		{32F02C35-E99B-46F5-8AD9-DC48786F748E} = {C96ED011-41AA-440F-AA80-00D4EF3184A7}
		{F59AD76B-4BEE-4B03-89BF-4B26F64E2D6B} = {C96ED011-41AA-440F-AA80-00D4EF3184A7}
		{B6D35247-4428-4A6B-B964-20B926C00E65} = {C96ED011-41AA-440F-AA80-00D4EF3184A7}
	EndGlobalSection
EndGlobal
